{
  "checksum": "7ec678984217e2779ff29652911e6d464b6e839560adb584def49429e5dc0e52",
  "crates": {
    "argparse 0.2.2": {
      "name": "argparse",
      "version": "0.2.2",
      "repository": {
        "Http": {
          "url": "https://crates.io/api/v1/crates/argparse/0.2.2/download",
          "sha256": "3f8ebf5827e4ac4fd5946560e6a99776ea73b596d80898f357007317a7141e47"
        }
      },
      "targets": [
        {
          "Library": {
            "crate_name": "argparse",
            "crate_root": "src/lib.rs",
            "srcs": [
              "**/*.rs"
            ]
          }
        }
      ],
      "library_target_name": "argparse",
      "common_attrs": {
        "compile_data_glob": [
          "**"
        ],
        "edition": "2015",
        "version": "0.2.2"
      },
      "license": "MIT"
    },
    "bitflags 1.3.2": {
      "name": "bitflags",
      "version": "1.3.2",
      "repository": {
        "Http": {
          "url": "https://crates.io/api/v1/crates/bitflags/1.3.2/download",
          "sha256": "bef38d45163c2f1dde094a7dfd33ccf595c92905c8f8f4fdc18d06fb1037718a"
        }
      },
      "targets": [
        {
          "Library": {
            "crate_name": "bitflags",
            "crate_root": "src/lib.rs",
            "srcs": [
              "**/*.rs"
            ]
          }
        }
      ],
      "library_target_name": "bitflags",
      "common_attrs": {
        "compile_data_glob": [
          "**"
        ],
        "crate_features": [
          "default"
        ],
        "edition": "2018",
        "version": "1.3.2"
      },
      "license": "MIT/Apache-2.0"
    },
    "bitreader 0.3.6": {
      "name": "bitreader",
      "version": "0.3.6",
      "repository": {
        "Http": {
          "url": "https://crates.io/api/v1/crates/bitreader/0.3.6/download",
          "sha256": "d84ea71c85d1fe98fe67a9b9988b1695bc24c0b0d3bfb18d4c510f44b4b09941"
        }
      },
      "targets": [
        {
          "Library": {
            "crate_name": "bitreader",
            "crate_root": "src/lib.rs",
            "srcs": [
              "**/*.rs"
            ]
          }
        }
      ],
      "library_target_name": "bitreader",
      "common_attrs": {
        "compile_data_glob": [
          "**"
        ],
        "crate_features": [
          "default",
          "std"
        ],
        "deps": {
          "common": [
            {
              "id": "cfg-if 1.0.0",
              "target": "cfg_if"
            }
          ],
          "selects": {}
        },
        "edition": "2015",
        "version": "0.3.6"
      },
      "license": "MIT OR Apache-2.0"
    },
    "byteorder 1.4.3": {
      "name": "byteorder",
      "version": "1.4.3",
      "repository": {
        "Http": {
          "url": "https://crates.io/api/v1/crates/byteorder/1.4.3/download",
          "sha256": "14c189c53d098945499cdfa7ecc63567cf3886b3332b312a5b4585d8d3a6a610"
        }
      },
      "targets": [
        {
          "Library": {
            "crate_name": "byteorder",
            "crate_root": "src/lib.rs",
            "srcs": [
              "**/*.rs"
            ]
          }
        }
      ],
      "library_target_name": "byteorder",
      "common_attrs": {
        "compile_data_glob": [
          "**"
        ],
        "crate_features": [
          "default",
          "std"
        ],
        "edition": "2018",
        "version": "1.4.3"
      },
      "license": "Unlicense OR MIT"
    },
    "cfg-if 1.0.0": {
      "name": "cfg-if",
      "version": "1.0.0",
      "repository": {
        "Http": {
          "url": "https://crates.io/api/v1/crates/cfg-if/1.0.0/download",
          "sha256": "baf1de4339761588bc0619e3cbc0120ee582ebb74b53b4efbf79117bd2da40fd"
        }
      },
      "targets": [
        {
          "Library": {
            "crate_name": "cfg_if",
            "crate_root": "src/lib.rs",
            "srcs": [
              "**/*.rs"
            ]
          }
        }
      ],
      "library_target_name": "cfg_if",
      "common_attrs": {
        "compile_data_glob": [
          "**"
        ],
        "edition": "2018",
        "version": "1.0.0"
      },
      "license": "MIT/Apache-2.0"
    },
    "libc 0.2.139": {
      "name": "libc",
      "version": "0.2.139",
      "repository": {
        "Http": {
          "url": "https://crates.io/api/v1/crates/libc/0.2.139/download",
          "sha256": "201de327520df007757c1f0adce6e827fe8562fbc28bfd9c15571c66ca1f5f79"
        }
      },
      "targets": [
        {
          "Library": {
            "crate_name": "libc",
            "crate_root": "src/lib.rs",
            "srcs": [
              "**/*.rs"
            ]
          }
        },
        {
          "BuildScript": {
            "crate_name": "build_script_build",
            "crate_root": "build.rs",
            "srcs": [
              "**/*.rs"
            ]
          }
        }
      ],
      "library_target_name": "libc",
      "common_attrs": {
        "compile_data_glob": [
          "**"
        ],
        "crate_features": [
          "default",
          "std"
        ],
        "deps": {
          "common": [
            {
              "id": "libc 0.2.139",
              "target": "build_script_build"
            }
          ],
          "selects": {}
        },
        "edition": "2015",
        "version": "0.2.139"
      },
      "build_script_attrs": {
        "data_glob": [
          "**"
        ]
      },
      "license": "MIT OR Apache-2.0"
    },
    "libftdi1-sys 1.1.2": {
      "name": "libftdi1-sys",
      "version": "1.1.2",
      "repository": {
        "Http": {
          "url": "https://crates.io/api/v1/crates/libftdi1-sys/1.1.2/download",
          "sha256": "3ff6928872c7d13bec3c8a60c4c92f41f6252f3369b7552a5b4f9c90c8ba2338"
        }
      },
      "targets": [
        {
          "Library": {
            "crate_name": "libftdi1_sys",
            "crate_root": "src/lib.rs",
            "srcs": [
              "**/*.rs"
            ]
          }
        },
        {
          "BuildScript": {
            "crate_name": "build_script_build",
            "crate_root": "build.rs",
            "srcs": [
              "**/*.rs"
            ]
          }
        }
      ],
      "library_target_name": "libftdi1_sys",
      "common_attrs": {
        "compile_data_glob": [
          "**"
        ],
        "crate_features": [
          "default"
        ],
        "deps": {
          "common": [
            {
              "id": "cfg-if 1.0.0",
              "target": "cfg_if"
            },
            {
              "id": "libc 0.2.139",
              "target": "libc"
            },
            {
              "id": "libftdi1-sys 1.1.2",
              "target": "build_script_build"
            }
          ],
          "selects": {}
        },
        "edition": "2018",
        "version": "1.1.2"
      },
      "build_script_attrs": {
        "data_glob": [
          "**"
        ],
        "deps": {
          "common": [
            {
              "id": "cfg-if 1.0.0",
              "target": "cfg_if"
            }
          ],
          "selects": {
            "cfg(all(windows, target_env = \"msvc\"))": [
              {
                "id": "vcpkg 0.2.15",
                "target": "vcpkg"
              }
            ],
            "cfg(not(all(windows, target_env = \"msvc\")))": [
              {
                "id": "pkg-config 0.3.26",
                "target": "pkg_config"
              }
            ]
          }
        },
        "links": "ftdi1"
      },
      "license": "MIT"
    },
    "pkg-config 0.3.26": {
      "name": "pkg-config",
      "version": "0.3.26",
      "repository": {
        "Http": {
          "url": "https://crates.io/api/v1/crates/pkg-config/0.3.26/download",
          "sha256": "6ac9a59f73473f1b8d852421e59e64809f025994837ef743615c6d0c5b305160"
        }
      },
      "targets": [
        {
          "Library": {
            "crate_name": "pkg_config",
            "crate_root": "src/lib.rs",
            "srcs": [
              "**/*.rs"
            ]
          }
        }
      ],
      "library_target_name": "pkg_config",
      "common_attrs": {
        "compile_data_glob": [
          "**"
        ],
        "edition": "2015",
        "version": "0.3.26"
      },
      "license": "MIT OR Apache-2.0"
    },
    "safe-ftdi 0.3.0": {
      "name": "safe-ftdi",
      "version": "0.3.0",
      "repository": null,
      "targets": [
        {
          "Library": {
            "crate_name": "safe_ftdi",
            "crate_root": "src/lib.rs",
            "srcs": [
              "**/*.rs"
            ]
          }
        }
      ],
      "library_target_name": "safe_ftdi",
      "common_attrs": {
        "compile_data_glob": [
          "**"
        ],
        "crate_features": [
          "default"
        ],
        "deps": {
          "common": [
            {
              "id": "libftdi1-sys 1.1.2",
              "target": "libftdi1_sys"
            }
          ],
          "selects": {}
        },
        "deps_dev": {
          "common": [
            {
              "id": "argparse 0.2.2",
              "target": "argparse"
            },
            {
              "id": "bitflags 1.3.2",
              "target": "bitflags"
            },
            {
              "id": "bitreader 0.3.6",
              "target": "bitreader"
            },
            {
              "id": "byteorder 1.4.3",
              "target": "byteorder"
            }
          ],
          "selects": {}
        },
        "edition": "2015",
        "version": "0.3.0"
      },
      "license": "MIT/Apache-2.0"
    },
    "vcpkg 0.2.15": {
      "name": "vcpkg",
      "version": "0.2.15",
      "repository": {
        "Http": {
          "url": "https://crates.io/api/v1/crates/vcpkg/0.2.15/download",
          "sha256": "accd4ea62f7bb7a82fe23066fb0957d48ef677f6eeb8215f372f52e48bb32426"
        }
      },
      "targets": [
        {
          "Library": {
            "crate_name": "vcpkg",
            "crate_root": "src/lib.rs",
            "srcs": [
              "**/*.rs"
            ]
          }
        }
      ],
      "library_target_name": "vcpkg",
      "common_attrs": {
        "compile_data_glob": [
          "**"
        ],
        "edition": "2015",
        "version": "0.2.15"
      },
      "license": "MIT/Apache-2.0"
    }
  },
  "binary_crates": [],
  "workspace_members": {
    "safe-ftdi 0.3.0": ""
  },
  "conditions": {
    "cfg(all(windows, target_env = \"msvc\"))": [
      "aarch64-pc-windows-msvc",
      "i686-pc-windows-msvc",
      "x86_64-pc-windows-msvc"
    ],
    "cfg(not(all(windows, target_env = \"msvc\")))": [
      "aarch64-apple-darwin",
      "aarch64-apple-ios",
      "aarch64-apple-ios-sim",
      "aarch64-linux-android",
      "aarch64-unknown-linux-gnu",
      "arm-unknown-linux-gnueabi",
      "armv7-linux-androideabi",
      "armv7-unknown-linux-gnueabi",
      "i686-apple-darwin",
      "i686-linux-android",
      "i686-unknown-freebsd",
      "i686-unknown-linux-gnu",
      "powerpc-unknown-linux-gnu",
      "riscv32imc-unknown-none-elf",
      "riscv64gc-unknown-none-elf",
      "s390x-unknown-linux-gnu",
      "wasm32-unknown-unknown",
      "wasm32-wasi",
      "x86_64-apple-darwin",
      "x86_64-apple-ios",
      "x86_64-linux-android",
      "x86_64-unknown-freebsd",
      "x86_64-unknown-linux-gnu"
    ]
  }
}
